
Microsoft Visual Studio Solution File, Format Version 12.00
# Visual Studio Version 16
VisualStudioVersion = 16.0.29521.150
MinimumVisualStudioVersion = 10.0.40219.1
Project("{9A19103F-16F7-4668-BE54-9A1E7A4F7556}") = "GravyLang", "GravyLang\GravyLang.csproj", "{70EC0F79-718B-4CBF-8370-B81CC2D4813E}"
EndProject
Project("{2150E333-8FDC-42A3-9474-1A3956D46DE8}") = "Solution Items", "Solution Items", "{ADF96E4F-60B5-4DA6-973D-EB2F151FEEB6}"
	ProjectSection(SolutionItems) = preProject
		.editorconfig = .editorconfig
	EndProjectSection
EndProject
Project("{9A19103F-16F7-4668-BE54-9A1E7A4F7556}") = "Lexer Tests", "NUnitTestProject1\Lexer Tests.csproj", "{F765D890-7969-46A2-BAB9-60C5A644C3D4}"
EndProject
Global
	GlobalSection(SolutionConfigurationPlatforms) = preSolution
		Debug|Any CPU = Debug|Any CPU
		Release|Any CPU = Release|Any CPU
	EndGlobalSection
	GlobalSection(ProjectConfigurationPlatforms) = postSolution
		{70EC0F79-718B-4CBF-8370-B81CC2D4813E}.Debug|Any CPU.ActiveCfg = Debug|Any CPU
		{70EC0F79-718B-4CBF-8370-B81CC2D4813E}.Debug|Any CPU.Build.0 = Debug|Any CPU
		{70EC0F79-718B-4CBF-8370-B81CC2D4813E}.Release|Any CPU.ActiveCfg = Release|Any CPU
		{70EC0F79-718B-4CBF-8370-B81CC2D4813E}.Release|Any CPU.Build.0 = Release|Any CPU
		{F765D890-7969-46A2-BAB9-60C5A644C3D4}.Debug|Any CPU.ActiveCfg = Debug|Any CPU
		{F765D890-7969-46A2-BAB9-60C5A644C3D4}.Debug|Any CPU.Build.0 = Debug|Any CPU
		{F765D890-7969-46A2-BAB9-60C5A644C3D4}.Release|Any CPU.ActiveCfg = Release|Any CPU
		{F765D890-7969-46A2-BAB9-60C5A644C3D4}.Release|Any CPU.Build.0 = Release|Any CPU
	EndGlobalSection
	GlobalSection(SolutionProperties) = preSolution
		HideSolutionNode = FALSE
	EndGlobalSection
	GlobalSection(ExtensibilityGlobals) = postSolution
		SolutionGuid = {30498911-3B4C-437B-971F-7D91374B608D}
	EndGlobalSection
EndGlobal
